{
  "version": 4,
  "terraform_version": "1.5.7",
  "serial": 26,
  "lineage": "4f8732f1-cc14-876b-bceb-92537afc45e5",
  "outputs": {
    "application_environment_variables": {
      "value": {
        "AWS_REGION": "ap-southeast-2",
        "CACHE_PROVIDER": "elasticache",
        "COGNITO_CLIENT_ID": "3jdk245t6jo6k7ss1gc06vc2l9",
        "COGNITO_USER_POOL_ID": "ap-southeast-2_iPhqzxrxp",
        "CONFIG_PROVIDER": "parameter-store",
        "DATABASE_PROVIDER": "dynamodb",
        "DYNAMODB_TABLE_PREFIX": "videotranscoder",
        "NODE_ENV": "prod",
        "PORT": 3000,
        "REDIS_ENDPOINT": null,
        "REDIS_PORT": "6379",
        "S3_ORIGINAL_BUCKET": "n10992511-videotranscoder-original",
        "S3_PROCESSED_BUCKET": "n10992511-videotranscoder-processed",
        "STORAGE_PROVIDER": "s3"
      },
      "type": [
        "object",
        {
          "AWS_REGION": "string",
          "CACHE_PROVIDER": "string",
          "COGNITO_CLIENT_ID": "string",
          "COGNITO_USER_POOL_ID": "string",
          "CONFIG_PROVIDER": "string",
          "DATABASE_PROVIDER": "string",
          "DYNAMODB_TABLE_PREFIX": "string",
          "NODE_ENV": "string",
          "PORT": "number",
          "REDIS_ENDPOINT": "string",
          "REDIS_PORT": "string",
          "S3_ORIGINAL_BUCKET": "string",
          "S3_PROCESSED_BUCKET": "string",
          "STORAGE_PROVIDER": "string"
        }
      ],
      "sensitive": true
    },
    "cognito_client_id": {
      "value": "3jdk245t6jo6k7ss1gc06vc2l9",
      "type": "string",
      "sensitive": true
    },
    "cognito_client_secret": {
      "value": "192f3oa6g8hiku0otlvddu6iiijd0opr67tanfji264l8200rdp7",
      "type": "string",
      "sensitive": true
    },
    "cognito_user_pool_arn": {
      "value": "arn:aws:cognito-idp:ap-southeast-2:901444280953:userpool/ap-southeast-2_iPhqzxrxp",
      "type": "string"
    },
    "cognito_user_pool_endpoint": {
      "value": "cognito-idp.ap-southeast-2.amazonaws.com/ap-southeast-2_iPhqzxrxp",
      "type": "string"
    },
    "cognito_user_pool_id": {
      "value": "ap-southeast-2_iPhqzxrxp",
      "type": "string"
    },
    "deployment_timestamp": {
      "value": null,
      "type": "string"
    },
    "dynamodb_jobs_table_arn": {
      "value": null,
      "type": "string"
    },
    "dynamodb_jobs_table_name": {
      "value": null,
      "type": "string"
    },
    "dynamodb_users_table_arn": {
      "value": null,
      "type": "string"
    },
    "dynamodb_users_table_name": {
      "value": null,
      "type": "string"
    },
    "dynamodb_videos_table_arn": {
      "value": null,
      "type": "string"
    },
    "dynamodb_videos_table_name": {
      "value": null,
      "type": "string"
    },
    "ecr_repository_arn": {
      "value": "arn:aws:ecr:ap-southeast-2:901444280953:repository/n10992511-video-transcoding-service",
      "type": "string"
    },
    "ecr_repository_url": {
      "value": "901444280953.dkr.ecr.ap-southeast-2.amazonaws.com/n10992511-video-transcoding-service",
      "type": "string"
    },
    "elasticache_redis_arn": {
      "value": "arn:aws:elasticache:ap-southeast-2:901444280953:replicationgroup:n10992511-videotranscoder",
      "type": "string"
    },
    "elasticache_redis_port": {
      "value": 6379,
      "type": "number"
    },
    "resource_summary": {
      "value": {
        "cognito_user_pools": 1,
        "dynamodb_tables": 3,
        "elasticache_clusters": 1,
        "s3_buckets": 3
      },
      "type": [
        "object",
        {
          "cognito_user_pools": "number",
          "dynamodb_tables": "number",
          "elasticache_clusters": "number",
          "s3_buckets": "number"
        }
      ]
    },
    "s3_frontend_bucket_name": {
      "value": "n10992511-videotranscoder-frontend",
      "type": "string"
    },
    "s3_original_bucket_arn": {
      "value": "arn:aws:s3:::n10992511-videotranscoder-original",
      "type": "string"
    },
    "s3_original_bucket_name": {
      "value": "n10992511-videotranscoder-original",
      "type": "string"
    },
    "s3_processed_bucket_arn": {
      "value": "arn:aws:s3:::n10992511-videotranscoder-processed",
      "type": "string"
    },
    "s3_processed_bucket_name": {
      "value": "n10992511-videotranscoder-processed",
      "type": "string"
    },
    "sqs_dlq_url": {
      "value": "https://sqs.ap-southeast-2.amazonaws.com/901444280953/n10992511-transcode-dlq",
      "type": "string"
    },
    "sqs_queue_arn": {
      "value": "arn:aws:sqs:ap-southeast-2:901444280953:n10992511-transcode-jobs",
      "type": "string"
    },
    "sqs_queue_url": {
      "value": "https://sqs.ap-southeast-2.amazonaws.com/901444280953/n10992511-transcode-jobs",
      "type": "string"
    },
    "terraform_workspace": {
      "value": "default",
      "type": "string"
    }
  },
  "resources": [
    {
      "mode": "managed",
      "type": "aws_cognito_user_group",
      "name": "admin",
      "provider": "provider[\"registry.terraform.io/hashicorp/aws\"]",
      "instances": [
        {
          "schema_version": 0,
          "attributes": {
            "description": "Admin users with full access",
            "id": "ap-southeast-2_iPhqzxrxp/admin",
            "name": "admin",
            "precedence": 1,
            "role_arn": "",
            "user_pool_id": "ap-southeast-2_iPhqzxrxp"
          },
          "sensitive_attributes": [],
          "private": "bnVsbA==",
          "dependencies": [
            "aws_cognito_user_pool.main"
          ]
        }
      ]
    },
    {
      "mode": "managed",
      "type": "aws_cognito_user_group",
      "name": "user",
      "provider": "provider[\"registry.terraform.io/hashicorp/aws\"]",
      "instances": [
        {
          "schema_version": 0,
          "attributes": {
            "description": "Regular users with limited access",
            "id": "ap-southeast-2_iPhqzxrxp/user",
            "name": "user",
            "precedence": 2,
            "role_arn": "",
            "user_pool_id": "ap-southeast-2_iPhqzxrxp"
          },
          "sensitive_attributes": [],
          "private": "bnVsbA==",
          "dependencies": [
            "aws_cognito_user_pool.main"
          ]
        }
      ]
    },
    {
      "mode": "managed",
      "type": "aws_cognito_user_pool",
      "name": "main",
      "provider": "provider[\"registry.terraform.io/hashicorp/aws\"]",
      "instances": [
        {
          "schema_version": 0,
          "attributes": {
            "account_recovery_setting": [
              {
                "recovery_mechanism": [
                  {
                    "name": "verified_email",
                    "priority": 1
                  },
                  {
                    "name": "verified_phone_number",
                    "priority": 2
                  }
                ]
              }
            ],
            "admin_create_user_config": [
              {
                "allow_admin_create_user_only": false,
                "invite_message_template": []
              }
            ],
            "alias_attributes": null,
            "arn": "arn:aws:cognito-idp:ap-southeast-2:901444280953:userpool/ap-southeast-2_iPhqzxrxp",
            "auto_verified_attributes": [
              "email"
            ],
            "creation_date": "2025-10-14T05:54:20Z",
            "custom_domain": "",
            "deletion_protection": "INACTIVE",
            "device_configuration": [],
            "domain": "",
            "email_configuration": [
              {
                "configuration_set": "",
                "email_sending_account": "COGNITO_DEFAULT",
                "from_email_address": "",
                "reply_to_email_address": "",
                "source_arn": ""
              }
            ],
            "email_mfa_configuration": [],
            "email_verification_message": "Your verification code is {####}",
            "email_verification_subject": "VideoTranscoder Account Verification",
            "endpoint": "cognito-idp.ap-southeast-2.amazonaws.com/ap-southeast-2_iPhqzxrxp",
            "estimated_number_of_users": 0,
            "id": "ap-southeast-2_iPhqzxrxp",
            "lambda_config": [],
            "last_modified_date": "2025-10-14T05:54:20Z",
            "mfa_configuration": "OFF",
            "name": "n10992511-videotranscoder",
            "password_policy": [
              {
                "minimum_length": 8,
                "password_history_size": 0,
                "require_lowercase": true,
                "require_numbers": true,
                "require_symbols": true,
                "require_uppercase": true,
                "temporary_password_validity_days": 7
              }
            ],
            "schema": [
              {
                "attribute_data_type": "String",
                "developer_only_attribute": null,
                "mutable": true,
                "name": "email",
                "number_attribute_constraints": [],
                "required": true,
                "string_attribute_constraints": []
              }
            ],
            "sign_in_policy": [
              {
                "allowed_first_auth_factors": [
                  "PASSWORD"
                ]
              }
            ],
            "sms_authentication_message": "",
            "sms_configuration": [],
            "sms_verification_message": "",
            "software_token_mfa_configuration": [],
            "tags": {
              "Name": "VideoTranscoder-UserPool"
            },
            "tags_all": {
              "Environment": "prod",
              "ManagedBy": "Terraform",
              "Name": "VideoTranscoder-UserPool",
              "Project": "CAB432-VideoTranscoder",
              "Student": "n10992511"
            },
            "user_attribute_update_settings": [],
            "user_pool_add_ons": [],
            "user_pool_tier": "ESSENTIALS",
            "username_attributes": [
              "email"
            ],
            "username_configuration": [],
            "verification_message_template": [
              {
                "default_email_option": "CONFIRM_WITH_CODE",
                "email_message": "Your verification code is {####}",
                "email_message_by_link": "",
                "email_subject": "VideoTranscoder Account Verification",
                "email_subject_by_link": "",
                "sms_message": ""
              }
            ],
            "web_authn_configuration": []
          },
          "sensitive_attributes": [],
          "private": "bnVsbA=="
        }
      ]
    },
    {
      "mode": "managed",
      "type": "aws_cognito_user_pool_client",
      "name": "main",
      "provider": "provider[\"registry.terraform.io/hashicorp/aws\"]",
      "instances": [
        {
          "schema_version": 0,
          "attributes": {
            "access_token_validity": 1,
            "allowed_oauth_flows": [],
            "allowed_oauth_flows_user_pool_client": false,
            "allowed_oauth_scopes": [],
            "analytics_configuration": [],
            "auth_session_validity": 3,
            "callback_urls": [],
            "client_secret": "192f3oa6g8hiku0otlvddu6iiijd0opr67tanfji264l8200rdp7",
            "default_redirect_uri": "",
            "enable_propagate_additional_user_context_data": false,
            "enable_token_revocation": true,
            "explicit_auth_flows": [
              "ADMIN_NO_SRP_AUTH",
              "USER_PASSWORD_AUTH"
            ],
            "generate_secret": true,
            "id": "3jdk245t6jo6k7ss1gc06vc2l9",
            "id_token_validity": 1,
            "logout_urls": [],
            "name": "videotranscoder-client",
            "prevent_user_existence_errors": "",
            "read_attributes": [],
            "refresh_token_rotation": [],
            "refresh_token_validity": 30,
            "supported_identity_providers": [],
            "token_validity_units": [
              {
                "access_token": "hours",
                "id_token": "hours",
                "refresh_token": "days"
              }
            ],
            "user_pool_id": "ap-southeast-2_iPhqzxrxp",
            "write_attributes": []
          },
          "sensitive_attributes": [],
          "dependencies": [
            "aws_cognito_user_pool.main"
          ]
        }
      ]
    },
    {
      "mode": "managed",
      "type": "aws_ecs_cluster",
      "name": "transcoding",
      "provider": "provider[\"registry.terraform.io/hashicorp/aws\"]",
      "instances": [
        {
          "schema_version": 0,
          "attributes": {
            "arn": "arn:aws:ecs:ap-southeast-2:901444280953:cluster/n10992511-mytranscoder-cluster",
            "configuration": [
              {
                "execute_command_configuration": [
                  {
                    "kms_key_id": "",
                    "log_configuration": [],
                    "logging": "DEFAULT"
                  }
                ],
                "managed_storage_configuration": []
              }
            ],
            "id": "arn:aws:ecs:ap-southeast-2:901444280953:cluster/n10992511-mytranscoder-cluster",
            "name": "n10992511-mytranscoder-cluster",
            "service_connect_defaults": [],
            "setting": [
              {
                "name": "containerInsights",
                "value": "disabled"
              }
            ],
            "tags": {
              "purpose": "assessment",
              "qut-username": "n10992511@qut.edu.au"
            },
            "tags_all": {
              "purpose": "assessment",
              "qut-username": "n10992511@qut.edu.au"
            }
          },
          "sensitive_attributes": [],
          "private": "eyJzY2hlbWFfdmVyc2lvbiI6IjAifQ=="
        }
      ]
    },
    {
      "mode": "managed",
      "type": "aws_elasticache_replication_group",
      "name": "redis",
      "provider": "provider[\"registry.terraform.io/hashicorp/aws\"]",
      "instances": [
        {
          "schema_version": 2,
          "attributes": {
            "apply_immediately": null,
            "arn": "arn:aws:elasticache:ap-southeast-2:901444280953:replicationgroup:n10992511-videotranscoder",
            "at_rest_encryption_enabled": "true",
            "auth_token": "",
            "auth_token_update_strategy": null,
            "auto_minor_version_upgrade": "true",
            "automatic_failover_enabled": true,
            "cluster_enabled": true,
            "cluster_mode": "enabled",
            "configuration_endpoint_address": "clustercfg.n10992511-videotranscoder.km2jzi.apse2.cache.amazonaws.com",
            "data_tiering_enabled": false,
            "description": "Easy created demo cluster on 2025-10-08T07:49:25.576Z",
            "engine": "redis",
            "engine_version": "7.1",
            "engine_version_actual": "7.1.0",
            "final_snapshot_identifier": null,
            "global_replication_group_id": null,
            "id": "n10992511-videotranscoder",
            "ip_discovery": "ipv4",
            "kms_key_id": "",
            "log_delivery_configuration": [],
            "maintenance_window": "mon:13:00-mon:14:00",
            "member_clusters": [
              "n10992511-videotranscoder-0001-001"
            ],
            "multi_az_enabled": false,
            "network_type": "ipv4",
            "node_type": "cache.t4g.micro",
            "notification_topic_arn": null,
            "num_cache_clusters": 1,
            "num_node_groups": 1,
            "parameter_group_name": "default.redis7.cluster.on",
            "port": 6379,
            "preferred_cache_cluster_azs": null,
            "primary_endpoint_address": null,
            "reader_endpoint_address": null,
            "replicas_per_node_group": 0,
            "replication_group_id": "n10992511-videotranscoder",
            "security_group_ids": [
              "sg-078997505ad1c6bbc"
            ],
            "security_group_names": [],
            "snapshot_arns": null,
            "snapshot_name": null,
            "snapshot_retention_limit": 0,
            "snapshot_window": "12:00-13:00",
            "subnet_group_name": "cab432-subnets",
            "tags": {
              "purpose": "assignment",
              "qut-username": "n10992511"
            },
            "tags_all": {
              "purpose": "assignment",
              "qut-username": "n10992511"
            },
            "timeouts": null,
            "transit_encryption_enabled": true,
            "transit_encryption_mode": "required",
            "user_group_ids": []
          },
          "sensitive_attributes": [],
          "private": "eyJlMmJmYjczMC1lY2FhLTExZTYtOGY4OC0zNDM2M2JjN2M0YzAiOnsiY3JlYXRlIjozNjAwMDAwMDAwMDAwLCJkZWxldGUiOjI3MDAwMDAwMDAwMDAsInVwZGF0ZSI6MjQwMDAwMDAwMDAwMH0sInNjaGVtYV92ZXJzaW9uIjoiMiJ9"
        }
      ]
    },
    {
      "mode": "managed",
      "type": "aws_instance",
      "name": "api",
      "provider": "provider[\"registry.terraform.io/hashicorp/aws\"]",
      "instances": [
        {
          "schema_version": 1,
          "attributes": {
            "ami": "ami-0279a86684f669718",
            "arn": "arn:aws:ec2:ap-southeast-2:901444280953:instance/i-084cade87a94aa3d5",
            "associate_public_ip_address": true,
            "availability_zone": "ap-southeast-2b",
            "capacity_reservation_specification": [
              {
                "capacity_reservation_preference": "open",
                "capacity_reservation_target": []
              }
            ],
            "cpu_core_count": 1,
            "cpu_options": [
              {
                "amd_sev_snp": "",
                "core_count": 1,
                "threads_per_core": 2
              }
            ],
            "cpu_threads_per_core": 2,
            "credit_specification": [
              {
                "cpu_credits": "unlimited"
              }
            ],
            "disable_api_stop": false,
            "disable_api_termination": false,
            "ebs_block_device": [],
            "ebs_optimized": true,
            "enable_primary_ipv6": null,
            "enclave_options": [
              {
                "enabled": false
              }
            ],
            "ephemeral_block_device": [],
            "get_password_data": false,
            "hibernation": false,
            "host_id": "",
            "host_resource_group_arn": null,
            "iam_instance_profile": "CAB432-Instance-Role",
            "id": "i-084cade87a94aa3d5",
            "instance_initiated_shutdown_behavior": "stop",
            "instance_lifecycle": "",
            "instance_market_options": [],
            "instance_state": "running",
            "instance_type": "t3.micro",
            "ipv6_address_count": 0,
            "ipv6_addresses": [],
            "key_name": "KeenanMelugin",
            "launch_template": [],
            "maintenance_options": [
              {
                "auto_recovery": "default"
              }
            ],
            "metadata_options": [
              {
                "http_endpoint": "enabled",
                "http_protocol_ipv6": "disabled",
                "http_put_response_hop_limit": 2,
                "http_tokens": "required",
                "instance_metadata_tags": "disabled"
              }
            ],
            "monitoring": false,
            "network_interface": [],
            "outpost_arn": "",
            "password_data": "",
            "placement_group": "",
            "placement_partition_number": 0,
            "primary_network_interface_id": "eni-0fa922fc2f95ad66e",
            "private_dns": "ip-172-31-126-252.ap-southeast-2.compute.internal",
            "private_dns_name_options": [
              {
                "enable_resource_name_dns_a_record": false,
                "enable_resource_name_dns_aaaa_record": false,
                "hostname_type": "ip-name"
              }
            ],
            "private_ip": "172.31.126.252",
            "public_dns": "ec2-3-27-163-80.ap-southeast-2.compute.amazonaws.com",
            "public_ip": "3.27.163.80",
            "root_block_device": [
              {
                "delete_on_termination": true,
                "device_name": "/dev/sda1",
                "encrypted": true,
                "iops": 3000,
                "kms_key_id": "arn:aws:kms:ap-southeast-2:901444280953:key/b0101809-9917-4e03-be5e-a357200ae578",
                "tags": {},
                "tags_all": {},
                "throughput": 125,
                "volume_id": "vol-0cf2eae5198dc901b",
                "volume_size": 20,
                "volume_type": "gp3"
              }
            ],
            "secondary_private_ips": [],
            "security_groups": [],
            "source_dest_check": true,
            "spot_instance_request_id": "",
            "subnet_id": "subnet-075811427d5564cf9",
            "tags": {
              "Assignment": "A3",
              "Environment": "prod",
              "Name": "CAB432-Video-Transcoder",
              "Service": "API"
            },
            "tags_all": {
              "Assignment": "A3",
              "Environment": "prod",
              "ManagedBy": "Terraform",
              "Name": "CAB432-Video-Transcoder",
              "Project": "CAB432-VideoTranscoder",
              "Service": "API",
              "Student": "n10992511"
            },
            "tenancy": "default",
            "timeouts": null,
            "user_data": null,
            "user_data_base64": null,
            "user_data_replace_on_change": false,
            "volume_tags": null,
            "vpc_security_group_ids": [
              "sg-032bd1ff8cf77dbb9",
              "sg-078997505ad1c6bbc"
            ]
          },
          "sensitive_attributes": [],
          "private": "eyJlMmJmYjczMC1lY2FhLTExZTYtOGY4OC0zNDM2M2JjN2M0YzAiOnsiY3JlYXRlIjo2MDAwMDAwMDAwMDAsImRlbGV0ZSI6MTIwMDAwMDAwMDAwMCwicmVhZCI6OTAwMDAwMDAwMDAwLCJ1cGRhdGUiOjYwMDAwMDAwMDAwMH0sInNjaGVtYV92ZXJzaW9uIjoiMSJ9"
        }
      ]
    },
    {
      "mode": "managed",
      "type": "aws_s3_bucket",
      "name": "frontend",
      "provider": "provider[\"registry.terraform.io/hashicorp/aws\"]",
      "instances": [
        {
          "schema_version": 0,
          "attributes": {
            "acceleration_status": "",
            "acl": null,
            "arn": "arn:aws:s3:::n10992511-videotranscoder-frontend",
            "bucket": "n10992511-videotranscoder-frontend",
            "bucket_domain_name": "n10992511-videotranscoder-frontend.s3.amazonaws.com",
            "bucket_prefix": "",
            "bucket_regional_domain_name": "n10992511-videotranscoder-frontend.s3.ap-southeast-2.amazonaws.com",
            "cors_rule": [],
            "force_destroy": false,
            "grant": [
              {
                "id": "4d2bcd4cff110bfecb3929970918c1455fef1490c34431b652be3a4061230d74",
                "permissions": [
                  "FULL_CONTROL"
                ],
                "type": "CanonicalUser",
                "uri": ""
              }
            ],
            "hosted_zone_id": "Z1WCIGYICN2BYD",
            "id": "n10992511-videotranscoder-frontend",
            "lifecycle_rule": [],
            "logging": [],
            "object_lock_configuration": [],
            "object_lock_enabled": false,
            "policy": "",
            "region": "ap-southeast-2",
            "replication_configuration": [],
            "request_payer": "BucketOwner",
            "server_side_encryption_configuration": [
              {
                "rule": [
                  {
                    "apply_server_side_encryption_by_default": [
                      {
                        "kms_master_key_id": "",
                        "sse_algorithm": "AES256"
                      }
                    ],
                    "bucket_key_enabled": false
                  }
                ]
              }
            ],
            "tags": null,
            "tags_all": {
              "Environment": "prod",
              "ManagedBy": "Terraform",
              "Project": "CAB432-VideoTranscoder",
              "Student": "n10992511"
            },
            "timeouts": null,
            "versioning": [
              {
                "enabled": false,
                "mfa_delete": false
              }
            ],
            "website": [],
            "website_domain": null,
            "website_endpoint": null
          },
          "sensitive_attributes": [],
          "private": "eyJlMmJmYjczMC1lY2FhLTExZTYtOGY4OC0zNDM2M2JjN2M0YzAiOnsiY3JlYXRlIjoxMjAwMDAwMDAwMDAwLCJkZWxldGUiOjM2MDAwMDAwMDAwMDAsInJlYWQiOjEyMDAwMDAwMDAwMDAsInVwZGF0ZSI6MTIwMDAwMDAwMDAwMH19"
        }
      ]
    },
    {
      "mode": "managed",
      "type": "aws_s3_bucket",
      "name": "original_videos",
      "provider": "provider[\"registry.terraform.io/hashicorp/aws\"]",
      "instances": [
        {
          "schema_version": 0,
          "attributes": {
            "acceleration_status": "",
            "acl": null,
            "arn": "arn:aws:s3:::n10992511-videotranscoder-original",
            "bucket": "n10992511-videotranscoder-original",
            "bucket_domain_name": "n10992511-videotranscoder-original.s3.amazonaws.com",
            "bucket_prefix": "",
            "bucket_regional_domain_name": "n10992511-videotranscoder-original.s3.ap-southeast-2.amazonaws.com",
            "cors_rule": [
              {
                "allowed_headers": [
                  "*"
                ],
                "allowed_methods": [
                  "GET",
                  "POST",
                  "PUT"
                ],
                "allowed_origins": [
                  "*"
                ],
                "expose_headers": [
                  "ETag"
                ],
                "max_age_seconds": 3000
              }
            ],
            "force_destroy": null,
            "grant": [
              {
                "id": "4d2bcd4cff110bfecb3929970918c1455fef1490c34431b652be3a4061230d74",
                "permissions": [
                  "FULL_CONTROL"
                ],
                "type": "CanonicalUser",
                "uri": ""
              }
            ],
            "hosted_zone_id": "Z1WCIGYICN2BYD",
            "id": "n10992511-videotranscoder-original",
            "lifecycle_rule": [],
            "logging": [],
            "object_lock_configuration": [],
            "object_lock_enabled": false,
            "policy": "",
            "region": "ap-southeast-2",
            "replication_configuration": [],
            "request_payer": "BucketOwner",
            "server_side_encryption_configuration": [
              {
                "rule": [
                  {
                    "apply_server_side_encryption_by_default": [
                      {
                        "kms_master_key_id": "",
                        "sse_algorithm": "AES256"
                      }
                    ],
                    "bucket_key_enabled": false
                  }
                ]
              }
            ],
            "tags": {},
            "tags_all": {
              "Environment": "prod",
              "ManagedBy": "Terraform",
              "Project": "CAB432-VideoTranscoder",
              "Student": "n10992511"
            },
            "timeouts": null,
            "versioning": [
              {
                "enabled": true,
                "mfa_delete": false
              }
            ],
            "website": [],
            "website_domain": null,
            "website_endpoint": null
          },
          "sensitive_attributes": [],
          "private": "eyJlMmJmYjczMC1lY2FhLTExZTYtOGY4OC0zNDM2M2JjN2M0YzAiOnsiY3JlYXRlIjoxMjAwMDAwMDAwMDAwLCJkZWxldGUiOjM2MDAwMDAwMDAwMDAsInJlYWQiOjEyMDAwMDAwMDAwMDAsInVwZGF0ZSI6MTIwMDAwMDAwMDAwMH0sInNjaGVtYV92ZXJzaW9uIjoiMCJ9"
        }
      ]
    },
    {
      "mode": "managed",
      "type": "aws_s3_bucket",
      "name": "processed_videos",
      "provider": "provider[\"registry.terraform.io/hashicorp/aws\"]",
      "instances": [
        {
          "schema_version": 0,
          "attributes": {
            "acceleration_status": "",
            "acl": null,
            "arn": "arn:aws:s3:::n10992511-videotranscoder-processed",
            "bucket": "n10992511-videotranscoder-processed",
            "bucket_domain_name": "n10992511-videotranscoder-processed.s3.amazonaws.com",
            "bucket_prefix": "",
            "bucket_regional_domain_name": "n10992511-videotranscoder-processed.s3.ap-southeast-2.amazonaws.com",
            "cors_rule": [],
            "force_destroy": null,
            "grant": [
              {
                "id": "4d2bcd4cff110bfecb3929970918c1455fef1490c34431b652be3a4061230d74",
                "permissions": [
                  "FULL_CONTROL"
                ],
                "type": "CanonicalUser",
                "uri": ""
              }
            ],
            "hosted_zone_id": "Z1WCIGYICN2BYD",
            "id": "n10992511-videotranscoder-processed",
            "lifecycle_rule": [],
            "logging": [],
            "object_lock_configuration": [],
            "object_lock_enabled": false,
            "policy": "",
            "region": "ap-southeast-2",
            "replication_configuration": [],
            "request_payer": "BucketOwner",
            "server_side_encryption_configuration": [
              {
                "rule": [
                  {
                    "apply_server_side_encryption_by_default": [
                      {
                        "kms_master_key_id": "",
                        "sse_algorithm": "AES256"
                      }
                    ],
                    "bucket_key_enabled": false
                  }
                ]
              }
            ],
            "tags": {},
            "tags_all": {
              "Environment": "prod",
              "ManagedBy": "Terraform",
              "Project": "CAB432-VideoTranscoder",
              "Student": "n10992511"
            },
            "timeouts": null,
            "versioning": [
              {
                "enabled": true,
                "mfa_delete": false
              }
            ],
            "website": [],
            "website_domain": null,
            "website_endpoint": null
          },
          "sensitive_attributes": [],
          "private": "eyJlMmJmYjczMC1lY2FhLTExZTYtOGY4OC0zNDM2M2JjN2M0YzAiOnsiY3JlYXRlIjoxMjAwMDAwMDAwMDAwLCJkZWxldGUiOjM2MDAwMDAwMDAwMDAsInJlYWQiOjEyMDAwMDAwMDAwMDAsInVwZGF0ZSI6MTIwMDAwMDAwMDAwMH0sInNjaGVtYV92ZXJzaW9uIjoiMCJ9"
        }
      ]
    },
    {
      "mode": "managed",
      "type": "aws_sqs_queue",
      "name": "transcode_dlq",
      "provider": "provider[\"registry.terraform.io/hashicorp/aws\"]",
      "instances": [
        {
          "schema_version": 0,
          "attributes": {
            "arn": "arn:aws:sqs:ap-southeast-2:901444280953:n10992511-transcode-dlq",
            "content_based_deduplication": false,
            "deduplication_scope": "",
            "delay_seconds": 0,
            "fifo_queue": false,
            "fifo_throughput_limit": "",
            "id": "https://sqs.ap-southeast-2.amazonaws.com/901444280953/n10992511-transcode-dlq",
            "kms_data_key_reuse_period_seconds": 300,
            "kms_master_key_id": "",
            "max_message_size": 262144,
            "message_retention_seconds": 604800,
            "name": "n10992511-transcode-dlq",
            "name_prefix": "",
            "policy": "",
            "receive_wait_time_seconds": 0,
            "redrive_allow_policy": "",
            "redrive_policy": "",
            "sqs_managed_sse_enabled": true,
            "tags": {
              "Assignment": "A3",
              "Environment": "production",
              "Name": "Transcode DLQ"
            },
            "tags_all": {
              "Assignment": "A3",
              "Environment": "production",
              "ManagedBy": "Terraform",
              "Name": "Transcode DLQ",
              "Project": "CAB432-VideoTranscoder",
              "Student": "n10992511"
            },
            "timeouts": null,
            "url": "https://sqs.ap-southeast-2.amazonaws.com/901444280953/n10992511-transcode-dlq",
            "visibility_timeout_seconds": 30
          },
          "sensitive_attributes": [],
          "private": "eyJlMmJmYjczMC1lY2FhLTExZTYtOGY4OC0zNDM2M2JjN2M0YzAiOnsiY3JlYXRlIjoxODAwMDAwMDAwMDAsImRlbGV0ZSI6MTgwMDAwMDAwMDAwLCJ1cGRhdGUiOjE4MDAwMDAwMDAwMH0sInNjaGVtYV92ZXJzaW9uIjoiMCJ9"
        }
      ]
    },
    {
      "mode": "managed",
      "type": "aws_sqs_queue",
      "name": "transcode_jobs",
      "provider": "provider[\"registry.terraform.io/hashicorp/aws\"]",
      "instances": [
        {
          "schema_version": 0,
          "attributes": {
            "arn": "arn:aws:sqs:ap-southeast-2:901444280953:n10992511-transcode-jobs",
            "content_based_deduplication": false,
            "deduplication_scope": "",
            "delay_seconds": 0,
            "fifo_queue": false,
            "fifo_throughput_limit": "",
            "id": "https://sqs.ap-southeast-2.amazonaws.com/901444280953/n10992511-transcode-jobs",
            "kms_data_key_reuse_period_seconds": 300,
            "kms_master_key_id": "",
            "max_message_size": 262144,
            "message_retention_seconds": 345600,
            "name": "n10992511-transcode-jobs",
            "name_prefix": "",
            "policy": "",
            "receive_wait_time_seconds": 20,
            "redrive_allow_policy": "",
            "redrive_policy": "{\"deadLetterTargetArn\":\"arn:aws:sqs:ap-southeast-2:901444280953:n10992511-transcode-dlq\",\"maxReceiveCount\":3}",
            "sqs_managed_sse_enabled": true,
            "tags": {
              "Assignment": "A3",
              "Environment": "production",
              "Name": "Transcode Jobs Queue"
            },
            "tags_all": {
              "Assignment": "A3",
              "Environment": "production",
              "ManagedBy": "Terraform",
              "Name": "Transcode Jobs Queue",
              "Project": "CAB432-VideoTranscoder",
              "Student": "n10992511"
            },
            "timeouts": null,
            "url": "https://sqs.ap-southeast-2.amazonaws.com/901444280953/n10992511-transcode-jobs",
            "visibility_timeout_seconds": 3600
          },
          "sensitive_attributes": [],
          "private": "eyJlMmJmYjczMC1lY2FhLTExZTYtOGY4OC0zNDM2M2JjN2M0YzAiOnsiY3JlYXRlIjoxODAwMDAwMDAwMDAsImRlbGV0ZSI6MTgwMDAwMDAwMDAwLCJ1cGRhdGUiOjE4MDAwMDAwMDAwMH0sInNjaGVtYV92ZXJzaW9uIjoiMCJ9"
        }
      ]
    }
  ],
  "check_results": null
}
